
Microsoft Visual Studio Solution File, Format Version 12.00
# Visual Studio Version 17
VisualStudioVersion = 17.5.33516.290
MinimumVisualStudioVersion = 10.0.40219.1
Project("{FAE04EC0-301F-11D3-BF4B-00C04F79EFBC}") = "TrainBookAPI", "TrainBookAPI\TrainBookAPI.csproj", "{8B58CF47-065C-4B4F-9852-60C1003488FA}"
EndProject
Global
	GlobalSection(SolutionConfigurationPlatforms) = preSolution
		Debug|Any CPU = Debug|Any CPU
		Release|Any CPU = Release|Any CPU
	EndGlobalSection
	GlobalSection(ProjectConfigurationPlatforms) = postSolution
		{8B58CF47-065C-4B4F-9852-60C1003488FA}.Debug|Any CPU.ActiveCfg = Debug|Any CPU
		{8B58CF47-065C-4B4F-9852-60C1003488FA}.Debug|Any CPU.Build.0 = Debug|Any CPU
		{8B58CF47-065C-4B4F-9852-60C1003488FA}.Release|Any CPU.ActiveCfg = Release|Any CPU
		{8B58CF47-065C-4B4F-9852-60C1003488FA}.Release|Any CPU.Build.0 = Release|Any CPU
	EndGlobalSection
	GlobalSection(SolutionProperties) = preSolution
		HideSolutionNode = FALSE
	EndGlobalSection
	GlobalSection(ExtensibilityGlobals) = postSolution
		SolutionGuid = {54AFFA41-DC8C-46E4-BCCC-53CCA6B39AA5}
	EndGlobalSection
EndGlobal
